github.com/google/uuid v1.3.0 h1:t6JiXgmwXMjEs8VusXIJk2BXHsn+wx8BZdTaoZ5fu7I=
github.com/google/uuid v1.3.0/go.mod h1:TIyPZe4MgqvfeYDBFedMoGGpEw/LqOeaOT+nhxU+yHo=
github.com/rogelioConsejo/golibs/file v0.0.0-20220923210004-80779a6bf011 h1:pLGGrOKyO0LP84nAfReEF6L9Q+rGDOwMChGdspbYmpY=
github.com/rogelioConsejo/golibs/file v0.0.0-20220923210004-80779a6bf011/go.mod h1:FOrgu79xcMvO3l6VOFPcOlQuh3a1P1vp2QEjDSrpnWo=
